// !$*UTF8*$!
{
	archiveVersion = 1;
	classes = {
	};
	objectVersion = 48;
	objects = {

/* Begin PBXBuildFile section */
		300286821FE5A5BA008CB07A /* shield.sks in Resources */ = {isa = PBXBuildFile; fileRef = 300286801FE5A5BA008CB07A /* shield.sks */; };
		300286831FE5A5BA008CB07A /* Assets.xcassets in Resources */ = {isa = PBXBuildFile; fileRef = 300286811FE5A5BA008CB07A /* Assets.xcassets */; };
		305A0EC81FC5ED0400EB1A36 /* AppDelegate.swift in Sources */ = {isa = PBXBuildFile; fileRef = 305A0EC71FC5ED0400EB1A36 /* AppDelegate.swift */; };
		305A0ECA1FC5ED0400EB1A36 /* GameScene.sks in Resources */ = {isa = PBXBuildFile; fileRef = 305A0EC91FC5ED0400EB1A36 /* GameScene.sks */; };
		305A0ECC1FC5ED0400EB1A36 /* Actions.sks in Resources */ = {isa = PBXBuildFile; fileRef = 305A0ECB1FC5ED0400EB1A36 /* Actions.sks */; };
		305A0ECE1FC5ED0400EB1A36 /* GameScene.swift in Sources */ = {isa = PBXBuildFile; fileRef = 305A0ECD1FC5ED0400EB1A36 /* GameScene.swift */; };
		305A0ED01FC5ED0400EB1A36 /* GameViewController.swift in Sources */ = {isa = PBXBuildFile; fileRef = 305A0ECF1FC5ED0400EB1A36 /* GameViewController.swift */; };
		305A0ED31FC5ED0400EB1A36 /* Main.storyboard in Resources */ = {isa = PBXBuildFile; fileRef = 305A0ED11FC5ED0400EB1A36 /* Main.storyboard */; };
		305A0ED81FC5ED0400EB1A36 /* LaunchScreen.storyboard in Resources */ = {isa = PBXBuildFile; fileRef = 305A0ED61FC5ED0400EB1A36 /* LaunchScreen.storyboard */; };
		30871F431FCC750500FEB486 /* explosion.wav in Resources */ = {isa = PBXBuildFile; fileRef = 30871F401FCC750500FEB486 /* explosion.wav */; };
		30871F441FCC750500FEB486 /* darkExplosion.wav in Resources */ = {isa = PBXBuildFile; fileRef = 30871F411FCC750500FEB486 /* darkExplosion.wav */; };
		30871F451FCC750500FEB486 /* laserShot.wav in Resources */ = {isa = PBXBuildFile; fileRef = 30871F421FCC750500FEB486 /* laserShot.wav */; };
		30A569EA1FD8536300B682B1 /* StarField.swift in Sources */ = {isa = PBXBuildFile; fileRef = 30A569E91FD8536300B682B1 /* StarField.swift */; };
		30DC28371FDEE7F000C8128F /* thrust.sks in Resources */ = {isa = PBXBuildFile; fileRef = 30DC28361FDEE7EF00C8128F /* thrust.sks */; };
		30DC28391FDEEA8C00C8128F /* SKEmitterNodeExtention.swift in Sources */ = {isa = PBXBuildFile; fileRef = 30DC28381FDEEA8C00C8128F /* SKEmitterNodeExtention.swift */; };
		30DC283B1FDEF59200C8128F /* obstacleExplode.sks in Resources */ = {isa = PBXBuildFile; fileRef = 30DC283A1FDEF59200C8128F /* obstacleExplode.sks */; };
		30DC283D1FDEF62F00C8128F /* shipExplode.sks in Resources */ = {isa = PBXBuildFile; fileRef = 30DC283C1FDEF62F00C8128F /* shipExplode.sks */; };
		30DC283F1FDEFAE500C8128F /* HUDNode.swift in Sources */ = {isa = PBXBuildFile; fileRef = 30DC283E1FDEFAE500C8128F /* HUDNode.swift */; };
/* End PBXBuildFile section */

/* Begin PBXFileReference section */
		300286801FE5A5BA008CB07A /* shield.sks */ = {isa = PBXFileReference; lastKnownFileType = file.sks; path = shield.sks; sourceTree = "<group>"; };
		300286811FE5A5BA008CB07A /* Assets.xcassets */ = {isa = PBXFileReference; lastKnownFileType = folder.assetcatalog; path = Assets.xcassets; sourceTree = "<group>"; };
		305A0EC41FC5ED0400EB1A36 /* SpaceRun.app */ = {isa = PBXFileReference; explicitFileType = wrapper.application; includeInIndex = 0; path = SpaceRun.app; sourceTree = BUILT_PRODUCTS_DIR; };
		305A0EC71FC5ED0400EB1A36 /* AppDelegate.swift */ = {isa = PBXFileReference; lastKnownFileType = sourcecode.swift; path = AppDelegate.swift; sourceTree = "<group>"; };
		305A0EC91FC5ED0400EB1A36 /* GameScene.sks */ = {isa = PBXFileReference; lastKnownFileType = file.sks; path = GameScene.sks; sourceTree = "<group>"; };
		305A0ECB1FC5ED0400EB1A36 /* Actions.sks */ = {isa = PBXFileReference; lastKnownFileType = file.sks; path = Actions.sks; sourceTree = "<group>"; };
		305A0ECD1FC5ED0400EB1A36 /* GameScene.swift */ = {isa = PBXFileReference; lastKnownFileType = sourcecode.swift; path = GameScene.swift; sourceTree = "<group>"; };
		305A0ECF1FC5ED0400EB1A36 /* GameViewController.swift */ = {isa = PBXFileReference; lastKnownFileType = sourcecode.swift; path = GameViewController.swift; sourceTree = "<group>"; };
		305A0ED21FC5ED0400EB1A36 /* Base */ = {isa = PBXFileReference; lastKnownFileType = file.storyboard; name = Base; path = Base.lproj/Main.storyboard; sourceTree = "<group>"; };
		305A0ED71FC5ED0400EB1A36 /* Base */ = {isa = PBXFileReference; lastKnownFileType = file.storyboard; name = Base; path = Base.lproj/LaunchScreen.storyboard; sourceTree = "<group>"; };
		305A0ED91FC5ED0400EB1A36 /* Info.plist */ = {isa = PBXFileReference; lastKnownFileType = text.plist.xml; path = Info.plist; sourceTree = "<group>"; };
		30871F401FCC750500FEB486 /* explosion.wav */ = {isa = PBXFileReference; lastKnownFileType = audio.wav; path = explosion.wav; sourceTree = "<group>"; };
		30871F411FCC750500FEB486 /* darkExplosion.wav */ = {isa = PBXFileReference; lastKnownFileType = audio.wav; path = darkExplosion.wav; sourceTree = "<group>"; };
		30871F421FCC750500FEB486 /* laserShot.wav */ = {isa = PBXFileReference; lastKnownFileType = audio.wav; path = laserShot.wav; sourceTree = "<group>"; };
		30A569E91FD8536300B682B1 /* StarField.swift */ = {isa = PBXFileReference; lastKnownFileType = sourcecode.swift; path = StarField.swift; sourceTree = "<group>"; };
		30DC28361FDEE7EF00C8128F /* thrust.sks */ = {isa = PBXFileReference; lastKnownFileType = file.sks; path = thrust.sks; sourceTree = "<group>"; };
		30DC28381FDEEA8C00C8128F /* SKEmitterNodeExtention.swift */ = {isa = PBXFileReference; lastKnownFileType = sourcecode.swift; path = SKEmitterNodeExtention.swift; sourceTree = "<group>"; };
		30DC283A1FDEF59200C8128F /* obstacleExplode.sks */ = {isa = PBXFileReference; lastKnownFileType = file.sks; path = obstacleExplode.sks; sourceTree = "<group>"; };
		30DC283C1FDEF62F00C8128F /* shipExplode.sks */ = {isa = PBXFileReference; lastKnownFileType = file.sks; path = shipExplode.sks; sourceTree = "<group>"; };
		30DC283E1FDEFAE500C8128F /* HUDNode.swift */ = {isa = PBXFileReference; lastKnownFileType = sourcecode.swift; path = HUDNode.swift; sourceTree = "<group>"; };
/* End PBXFileReference section */

/* Begin PBXFrameworksBuildPhase section */
		305A0EC11FC5ED0400EB1A36 /* Frameworks */ = {
			isa = PBXFrameworksBuildPhase;
			buildActionMask = 2147483647;
			files = (
			);
			runOnlyForDeploymentPostprocessing = 0;
		};
/* End PBXFrameworksBuildPhase section */

/* Begin PBXGroup section */
		305A0EBB1FC5ED0400EB1A36 = {
			isa = PBXGroup;
			children = (
				305A0EC61FC5ED0400EB1A36 /* SpaceRun */,
				305A0EC51FC5ED0400EB1A36 /* Products */,
			);
			sourceTree = "<group>";
		};
		305A0EC51FC5ED0400EB1A36 /* Products */ = {
			isa = PBXGroup;
			children = (
				305A0EC41FC5ED0400EB1A36 /* SpaceRun.app */,
			);
			name = Products;
			sourceTree = "<group>";
		};
		305A0EC61FC5ED0400EB1A36 /* SpaceRun */ = {
			isa = PBXGroup;
			children = (
				30871F391FCC742300FEB486 /* soundAssets */,
				305A0EC71FC5ED0400EB1A36 /* AppDelegate.swift */,
				305A0EC91FC5ED0400EB1A36 /* GameScene.sks */,
				305A0ECB1FC5ED0400EB1A36 /* Actions.sks */,
				305A0ECD1FC5ED0400EB1A36 /* GameScene.swift */,
				305A0ECF1FC5ED0400EB1A36 /* GameViewController.swift */,
				305A0ED11FC5ED0400EB1A36 /* Main.storyboard */,
				305A0ED61FC5ED0400EB1A36 /* LaunchScreen.storyboard */,
				305A0ED91FC5ED0400EB1A36 /* Info.plist */,
				30A569E91FD8536300B682B1 /* StarField.swift */,
				30DC28361FDEE7EF00C8128F /* thrust.sks */,
				30DC28381FDEEA8C00C8128F /* SKEmitterNodeExtention.swift */,
				30DC283A1FDEF59200C8128F /* obstacleExplode.sks */,
				30DC283C1FDEF62F00C8128F /* shipExplode.sks */,
				30DC283E1FDEFAE500C8128F /* HUDNode.swift */,
				300286801FE5A5BA008CB07A /* shield.sks */,
				300286811FE5A5BA008CB07A /* Assets.xcassets */,
			);
			path = SpaceRun;
			sourceTree = "<group>";
		};
		30871F391FCC742300FEB486 /* soundAssets */ = {
			isa = PBXGroup;
			children = (
				30871F411FCC750500FEB486 /* darkExplosion.wav */,
				30871F401FCC750500FEB486 /* explosion.wav */,
				30871F421FCC750500FEB486 /* laserShot.wav */,
			);
			path = soundAssets;
			sourceTree = "<group>";
		};
/* End PBXGroup section */

/* Begin PBXNativeTarget section */
		305A0EC31FC5ED0400EB1A36 /* SpaceRun */ = {
			isa = PBXNativeTarget;
			buildConfigurationList = 305A0EDC1FC5ED0400EB1A36 /* Build configuration list for PBXNativeTarget "SpaceRun" */;
			buildPhases = (
				305A0EC01FC5ED0400EB1A36 /* Sources */,
				305A0EC11FC5ED0400EB1A36 /* Frameworks */,
				305A0EC21FC5ED0400EB1A36 /* Resources */,
			);
			buildRules = (
			);
			dependencies = (
			);
			name = SpaceRun;
			productName = SpaceRun;
			productReference = 305A0EC41FC5ED0400EB1A36 /* SpaceRun.app */;
			productType = "com.apple.product-type.application";
		};
/* End PBXNativeTarget section */

/* Begin PBXProject section */
		305A0EBC1FC5ED0400EB1A36 /* Project object */ = {
			isa = PBXProject;
			attributes = {
				LastSwiftUpdateCheck = 0910;
				LastUpgradeCheck = 0910;
				ORGANIZATIONNAME = "Benjamin Miles";
				TargetAttributes = {
					305A0EC31FC5ED0400EB1A36 = {
						CreatedOnToolsVersion = 9.1;
						ProvisioningStyle = Automatic;
					};
				};
			};
			buildConfigurationList = 305A0EBF1FC5ED0400EB1A36 /* Build configuration list for PBXProject "SpaceRun" */;
			compatibilityVersion = "Xcode 8.0";
			developmentRegion = en;
			hasScannedForEncodings = 0;
			knownRegions = (
				en,
				Base,
			);
			mainGroup = 305A0EBB1FC5ED0400EB1A36;
			productRefGroup = 305A0EC51FC5ED0400EB1A36 /* Products */;
			projectDirPath = "";
			projectRoot = "";
			targets = (
				305A0EC31FC5ED0400EB1A36 /* SpaceRun */,
			);
		};
/* End PBXProject section */

/* Begin PBXResourcesBuildPhase section */
		305A0EC21FC5ED0400EB1A36 /* Resources */ = {
			isa = PBXResourcesBuildPhase;
			buildActionMask = 2147483647;
			files = (
				30871F431FCC750500FEB486 /* explosion.wav in Resources */,
				30DC283D1FDEF62F00C8128F /* shipExplode.sks in Resources */,
				300286821FE5A5BA008CB07A /* shield.sks in Resources */,
				305A0ED31FC5ED0400EB1A36 /* Main.storyboard in Resources */,
				305A0ECA1FC5ED0400EB1A36 /* GameScene.sks in Resources */,
				30DC283B1FDEF59200C8128F /* obstacleExplode.sks in Resources */,
				30871F441FCC750500FEB486 /* darkExplosion.wav in Resources */,
				305A0ED81FC5ED0400EB1A36 /* LaunchScreen.storyboard in Resources */,
				30871F451FCC750500FEB486 /* laserShot.wav in Resources */,
				305A0ECC1FC5ED0400EB1A36 /* Actions.sks in Resources */,
				300286831FE5A5BA008CB07A /* Assets.xcassets in Resources */,
				30DC28371FDEE7F000C8128F /* thrust.sks in Resources */,
			);
			runOnlyForDeploymentPostprocessing = 0;
		};
/* End PBXResourcesBuildPhase section */

/* Begin PBXSourcesBuildPhase section */
		305A0EC01FC5ED0400EB1A36 /* Sources */ = {
			isa = PBXSourcesBuildPhase;
			buildActionMask = 2147483647;
			files = (
				30DC28391FDEEA8C00C8128F /* SKEmitterNodeExtention.swift in Sources */,
				30DC283F1FDEFAE500C8128F /* HUDNode.swift in Sources */,
				30A569EA1FD8536300B682B1 /* StarField.swift in Sources */,
				305A0ECE1FC5ED0400EB1A36 /* GameScene.swift in Sources */,
				305A0ED01FC5ED0400EB1A36 /* GameViewController.swift in Sources */,
				305A0EC81FC5ED0400EB1A36 /* AppDelegate.swift in Sources */,
			);
			runOnlyForDeploymentPostprocessing = 0;
		};
/* End PBXSourcesBuildPhase section */

/* Begin PBXVariantGroup section */
		305A0ED11FC5ED0400EB1A36 /* Main.storyboard */ = {
			isa = PBXVariantGroup;
			children = (
				305A0ED21FC5ED0400EB1A36 /* Base */,
			);
			name = Main.storyboard;
			sourceTree = "<group>";
		};
		305A0ED61FC5ED0400EB1A36 /* LaunchScreen.storyboard */ = {
			isa = PBXVariantGroup;
			children = (
				305A0ED71FC5ED0400EB1A36 /* Base */,
			);
			name = LaunchScreen.storyboard;
			sourceTree = "<group>";
		};
/* End PBXVariantGroup section */

/* Begin XCBuildConfiguration section */
		305A0EDA1FC5ED0400EB1A36 /* Debug */ = {
			isa = XCBuildConfiguration;
			buildSettings = {
				ALWAYS_SEARCH_USER_PATHS = NO;
				CLANG_ANALYZER_NONNULL = YES;
				CLANG_ANALYZER_NUMBER_OBJECT_CONVERSION = YES_AGGRESSIVE;
				CLANG_CXX_LANGUAGE_STANDARD = "gnu++14";
				CLANG_CXX_LIBRARY = "libc++";
				CLANG_ENABLE_MODULES = YES;
				CLANG_ENABLE_OBJC_ARC = YES;
				CLANG_WARN_BLOCK_CAPTURE_AUTORELEASING = YES;
				CLANG_WARN_BOOL_CONVERSION = YES;
				CLANG_WARN_COMMA = YES;
				CLANG_WARN_CONSTANT_CONVERSION = YES;
				CLANG_WARN_DIRECT_OBJC_ISA_USAGE = YES_ERROR;
				CLANG_WARN_DOCUMENTATION_COMMENTS = YES;
				CLANG_WARN_EMPTY_BODY = YES;
				CLANG_WARN_ENUM_CONVERSION = YES;
				CLANG_WARN_INFINITE_RECURSION = YES;
				CLANG_WARN_INT_CONVERSION = YES;
				CLANG_WARN_NON_LITERAL_NULL_CONVERSION = YES;
				CLANG_WARN_OBJC_LITERAL_CONVERSION = YES;
				CLANG_WARN_OBJC_ROOT_CLASS = YES_ERROR;
				CLANG_WARN_RANGE_LOOP_ANALYSIS = YES;
				CLANG_WARN_STRICT_PROTOTYPES = YES;
				CLANG_WARN_SUSPICIOUS_MOVE = YES;
				CLANG_WARN_UNGUARDED_AVAILABILITY = YES_AGGRESSIVE;
				CLANG_WARN_UNREACHABLE_CODE = YES;
				CLANG_WARN__DUPLICATE_METHOD_MATCH = YES;
				CODE_SIGN_IDENTITY = "iPhone Developer";
				COPY_PHASE_STRIP = NO;
				DEBUG_INFORMATION_FORMAT = dwarf;
				ENABLE_STRICT_OBJC_MSGSEND = YES;
				ENABLE_TESTABILITY = YES;
				GCC_C_LANGUAGE_STANDARD = gnu11;
				GCC_DYNAMIC_NO_PIC = NO;
				GCC_NO_COMMON_BLOCKS = YES;
				GCC_OPTIMIZATION_LEVEL = 0;
				GCC_PREPROCESSOR_DEFINITIONS = (
					"DEBUG=1",
					"$(inherited)",
				);
				GCC_WARN_64_TO_32_BIT_CONVERSION = YES;
				GCC_WARN_ABOUT_RETURN_TYPE = YES_ERROR;
				GCC_WARN_UNDECLARED_SELECTOR = YES;
				GCC_WARN_UNINITIALIZED_AUTOS = YES_AGGRESSIVE;
				GCC_WARN_UNUSED_FUNCTION = YES;
				GCC_WARN_UNUSED_VARIABLE = YES;
				IPHONEOS_DEPLOYMENT_TARGET = 11.1;
				MTL_ENABLE_DEBUG_INFO = YES;
				ONLY_ACTIVE_ARCH = YES;
				SDKROOT = iphoneos;
				SWIFT_ACTIVE_COMPILATION_CONDITIONS = DEBUG;
				SWIFT_OPTIMIZATION_LEVEL = "-Onone";
			};
			name = Debug;
		};
		305A0EDB1FC5ED0400EB1A36 /* Release */ = {
			isa = XCBuildConfiguration;
			buildSettings = {
				ALWAYS_SEARCH_USER_PATHS = NO;
				CLANG_ANALYZER_NONNULL = YES;
				CLANG_ANALYZER_NUMBER_OBJECT_CONVERSION = YES_AGGRESSIVE;
				CLANG_CXX_LANGUAGE_STANDARD = "gnu++14";
				CLANG_CXX_LIBRARY = "libc++";
				CLANG_ENABLE_MODULES = YES;
				CLANG_ENABLE_OBJC_ARC = YES;
				CLANG_WARN_BLOCK_CAPTURE_AUTORELEASING = YES;
				CLANG_WARN_BOOL_CONVERSION = YES;
				CLANG_WARN_COMMA = YES;
				CLANG_WARN_CONSTANT_CONVERSION = YES;
				CLANG_WARN_DIRECT_OBJC_ISA_USAGE = YES_ERROR;
				CLANG_WARN_DOCUMENTATION_COMMENTS = YES;
				CLANG_WARN_EMPTY_BODY = YES;
				CLANG_WARN_ENUM_CONVERSION = YES;
				CLANG_WARN_INFINITE_RECURSION = YES;
				CLANG_WARN_INT_CONVERSION = YES;
				CLANG_WARN_NON_LITERAL_NULL_CONVERSION = YES;
				CLANG_WARN_OBJC_LITERAL_CONVERSION = YES;
				CLANG_WARN_OBJC_ROOT_CLASS = YES_ERROR;
				CLANG_WARN_RANGE_LOOP_ANALYSIS = YES;
				CLANG_WARN_STRICT_PROTOTYPES = YES;
				CLANG_WARN_SUSPICIOUS_MOVE = YES;
				CLANG_WARN_UNGUARDED_AVAILABILITY = YES_AGGRESSIVE;
				CLANG_WARN_UNREACHABLE_CODE = YES;
				CLANG_WARN__DUPLICATE_METHOD_MATCH = YES;
				CODE_SIGN_IDENTITY = "iPhone Developer";
				COPY_PHASE_STRIP = NO;
				DEBUG_INFORMATION_FORMAT = "dwarf-with-dsym";
				ENABLE_NS_ASSERTIONS = NO;
				ENABLE_STRICT_OBJC_MSGSEND = YES;
				GCC_C_LANGUAGE_STANDARD = gnu11;
				GCC_NO_COMMON_BLOCKS = YES;
				GCC_WARN_64_TO_32_BIT_CONVERSION = YES;
				GCC_WARN_ABOUT_RETURN_TYPE = YES_ERROR;
				GCC_WARN_UNDECLARED_SELECTOR = YES;
				GCC_WARN_UNINITIALIZED_AUTOS = YES_AGGRESSIVE;
				GCC_WARN_UNUSED_FUNCTION = YES;
				GCC_WARN_UNUSED_VARIABLE = YES;
				IPHONEOS_DEPLOYMENT_TARGET = 11.1;
				MTL_ENABLE_DEBUG_INFO = NO;
				SDKROOT = iphoneos;
				SWIFT_OPTIMIZATION_LEVEL = "-Owholemodule";
				VALIDATE_PRODUCT = YES;
			};
			name = Release;
		};
		305A0EDD1FC5ED0400EB1A36 /* Debug */ = {
			isa = XCBuildConfiguration;
			buildSettings = {
				ASSETCATALOG_COMPILER_APPICON_NAME = AppIcon;
				CODE_SIGN_STYLE = Automatic;
				INFOPLIST_FILE = SpaceRun/Info.plist;
				LD_RUNPATH_SEARCH_PATHS = "$(inherited) @executable_path/Frameworks";
				PRODUCT_BUNDLE_IDENTIFIER = dootb.in.SpaceRun;
				PRODUCT_NAME = "$(TARGET_NAME)";
				SWIFT_VERSION = 4.0;
				TARGETED_DEVICE_FAMILY = "1,2";
			};
			name = Debug;
		};
		305A0EDE1FC5ED0400EB1A36 /* Release */ = {
			isa = XCBuildConfiguration;
			buildSettings = {
				ASSETCATALOG_COMPILER_APPICON_NAME = AppIcon;
				CODE_SIGN_STYLE = Automatic;
				INFOPLIST_FILE = SpaceRun/Info.plist;
				LD_RUNPATH_SEARCH_PATHS = "$(inherited) @executable_path/Frameworks";
				PRODUCT_BUNDLE_IDENTIFIER = dootb.in.SpaceRun;
				PRODUCT_NAME = "$(TARGET_NAME)";
				SWIFT_VERSION = 4.0;
				TARGETED_DEVICE_FAMILY = "1,2";
			};
			name = Release;
		};
/* End XCBuildConfiguration section */

/* Begin XCConfigurationList section */
		305A0EBF1FC5ED0400EB1A36 /* Build configuration list for PBXProject "SpaceRun" */ = {
			isa = XCConfigurationList;
			buildConfigurations = (
				305A0EDA1FC5ED0400EB1A36 /* Debug */,
				305A0EDB1FC5ED0400EB1A36 /* Release */,
			);
			defaultConfigurationIsVisible = 0;
			defaultConfigurationName = Release;
		};
		305A0EDC1FC5ED0400EB1A36 /* Build configuration list for PBXNativeTarget "SpaceRun" */ = {
			isa = XCConfigurationList;
			buildConfigurations = (
				305A0EDD1FC5ED0400EB1A36 /* Debug */,
				305A0EDE1FC5ED0400EB1A36 /* Release */,
			);
			defaultConfigurationIsVisible = 0;
			defaultConfigurationName = Release;
		};
/* End XCConfigurationList section */
	};
	rootObject = 305A0EBC1FC5ED0400EB1A36 /* Project object */;
}
